
Microsoft Visual Studio Solution File, Format Version 12.00
# Visual Studio Version 16
VisualStudioVersion = 16.0.29613.14
MinimumVisualStudioVersion = 10.0.40219.1
Project("{FAE04EC0-301F-11D3-BF4B-00C04F79EFBC}") = "MultiMine", "MultiMine\MultiMine.csproj", "{34743B27-B22F-476E-9481-613D261634F8}"
EndProject
Project("{FAE04EC0-301F-11D3-BF4B-00C04F79EFBC}") = "MultiMineServer", "MultiMineServer\MultiMineServer.csproj", "{822A3A0A-CFE5-43C8-80CD-F8415C46EF91}"
EndProject
Project("{FAE04EC0-301F-11D3-BF4B-00C04F79EFBC}") = "SharedClasses", "Shared\SharedClasses.csproj", "{AA200684-8283-46B6-9977-6FE7D17FBA6C}"
EndProject
Global
	GlobalSection(SolutionConfigurationPlatforms) = preSolution
		Debug|Any CPU = Debug|Any CPU
		Release|Any CPU = Release|Any CPU
	EndGlobalSection
	GlobalSection(ProjectConfigurationPlatforms) = postSolution
		{34743B27-B22F-476E-9481-613D261634F8}.Debug|Any CPU.ActiveCfg = Debug|Any CPU
		{34743B27-B22F-476E-9481-613D261634F8}.Debug|Any CPU.Build.0 = Debug|Any CPU
		{34743B27-B22F-476E-9481-613D261634F8}.Release|Any CPU.ActiveCfg = Release|Any CPU
		{34743B27-B22F-476E-9481-613D261634F8}.Release|Any CPU.Build.0 = Release|Any CPU
		{822A3A0A-CFE5-43C8-80CD-F8415C46EF91}.Debug|Any CPU.ActiveCfg = Debug|Any CPU
		{822A3A0A-CFE5-43C8-80CD-F8415C46EF91}.Debug|Any CPU.Build.0 = Debug|Any CPU
		{822A3A0A-CFE5-43C8-80CD-F8415C46EF91}.Release|Any CPU.ActiveCfg = Release|Any CPU
		{822A3A0A-CFE5-43C8-80CD-F8415C46EF91}.Release|Any CPU.Build.0 = Release|Any CPU
		{AA200684-8283-46B6-9977-6FE7D17FBA6C}.Debug|Any CPU.ActiveCfg = Debug|Any CPU
		{AA200684-8283-46B6-9977-6FE7D17FBA6C}.Debug|Any CPU.Build.0 = Debug|Any CPU
		{AA200684-8283-46B6-9977-6FE7D17FBA6C}.Release|Any CPU.ActiveCfg = Release|Any CPU
		{AA200684-8283-46B6-9977-6FE7D17FBA6C}.Release|Any CPU.Build.0 = Release|Any CPU
	EndGlobalSection
	GlobalSection(SolutionProperties) = preSolution
		HideSolutionNode = FALSE
	EndGlobalSection
	GlobalSection(ExtensibilityGlobals) = postSolution
		SolutionGuid = {A9E7C7F1-DBF0-46DE-99D6-62371A28B60C}
	EndGlobalSection
EndGlobal
