
Microsoft Visual Studio Solution File, Format Version 12.00
# Visual Studio Version 16
VisualStudioVersion = 16.0.29306.81
MinimumVisualStudioVersion = 10.0.40219.1
Project("{FAE04EC0-301F-11D3-BF4B-00C04F79EFBC}") = "MultiMine", "MultiMine\MultiMine.csproj", "{850434B1-C118-460C-B05F-61A39C0526EE}"
EndProject
Project("{FAE04EC0-301F-11D3-BF4B-00C04F79EFBC}") = "MultiMineServer", "MultiMineServer\MultiMineServer.csproj", "{45360780-DADD-4B88-A91F-0654E9DAB838}"
EndProject
Project("{FAE04EC0-301F-11D3-BF4B-00C04F79EFBC}") = "SharedClasses", "SharedClasses\SharedClasses.csproj", "{6634164A-F2D9-488B-ACA6-80372A045FF9}"
EndProject
Global
	GlobalSection(SolutionConfigurationPlatforms) = preSolution
		Debug|Any CPU = Debug|Any CPU
		Release|Any CPU = Release|Any CPU
	EndGlobalSection
	GlobalSection(ProjectConfigurationPlatforms) = postSolution
		{850434B1-C118-460C-B05F-61A39C0526EE}.Debug|Any CPU.ActiveCfg = Debug|Any CPU
		{850434B1-C118-460C-B05F-61A39C0526EE}.Debug|Any CPU.Build.0 = Debug|Any CPU
		{850434B1-C118-460C-B05F-61A39C0526EE}.Release|Any CPU.ActiveCfg = Release|Any CPU
		{850434B1-C118-460C-B05F-61A39C0526EE}.Release|Any CPU.Build.0 = Release|Any CPU
		{45360780-DADD-4B88-A91F-0654E9DAB838}.Debug|Any CPU.ActiveCfg = Debug|Any CPU
		{45360780-DADD-4B88-A91F-0654E9DAB838}.Debug|Any CPU.Build.0 = Debug|Any CPU
		{45360780-DADD-4B88-A91F-0654E9DAB838}.Release|Any CPU.ActiveCfg = Release|Any CPU
		{45360780-DADD-4B88-A91F-0654E9DAB838}.Release|Any CPU.Build.0 = Release|Any CPU
		{6634164A-F2D9-488B-ACA6-80372A045FF9}.Debug|Any CPU.ActiveCfg = Debug|Any CPU
		{6634164A-F2D9-488B-ACA6-80372A045FF9}.Debug|Any CPU.Build.0 = Debug|Any CPU
		{6634164A-F2D9-488B-ACA6-80372A045FF9}.Release|Any CPU.ActiveCfg = Release|Any CPU
		{6634164A-F2D9-488B-ACA6-80372A045FF9}.Release|Any CPU.Build.0 = Release|Any CPU
	EndGlobalSection
	GlobalSection(SolutionProperties) = preSolution
		HideSolutionNode = FALSE
	EndGlobalSection
	GlobalSection(ExtensibilityGlobals) = postSolution
		SolutionGuid = {9B06AFD3-74B7-409B-BE26-F8424A9F4582}
	EndGlobalSection
EndGlobal
